
Microsoft Visual Studio Solution File, Format Version 12.00
# Visual Studio Version 17
VisualStudioVersion = 17.8.34309.116
MinimumVisualStudioVersion = 10.0.40219.1
Project("{FAE04EC0-301F-11D3-BF4B-00C04F79EFBC}") = "MyTITraining", "MyTITraining\MyTITraining\MyTITraining.csproj", "{7F233B49-954D-4405-9DB4-22F15B13230C}"
EndProject
Project("{FAE04EC0-301F-11D3-BF4B-00C04F79EFBC}") = "MyTITraining.Client", "MyTITraining\MyTITraining.Client\MyTITraining.Client.csproj", "{FC71279E-DAFB-4E90-AD36-183225557D43}"
EndProject
Global
	GlobalSection(SolutionConfigurationPlatforms) = preSolution
		Debug|Any CPU = Debug|Any CPU
		Release|Any CPU = Release|Any CPU
	EndGlobalSection
	GlobalSection(ProjectConfigurationPlatforms) = postSolution
		{7F233B49-954D-4405-9DB4-22F15B13230C}.Debug|Any CPU.ActiveCfg = Debug|Any CPU
		{7F233B49-954D-4405-9DB4-22F15B13230C}.Debug|Any CPU.Build.0 = Debug|Any CPU
		{7F233B49-954D-4405-9DB4-22F15B13230C}.Release|Any CPU.ActiveCfg = Release|Any CPU
		{7F233B49-954D-4405-9DB4-22F15B13230C}.Release|Any CPU.Build.0 = Release|Any CPU
		{FC71279E-DAFB-4E90-AD36-183225557D43}.Debug|Any CPU.ActiveCfg = Debug|Any CPU
		{FC71279E-DAFB-4E90-AD36-183225557D43}.Debug|Any CPU.Build.0 = Debug|Any CPU
		{FC71279E-DAFB-4E90-AD36-183225557D43}.Release|Any CPU.ActiveCfg = Release|Any CPU
		{FC71279E-DAFB-4E90-AD36-183225557D43}.Release|Any CPU.Build.0 = Release|Any CPU
	EndGlobalSection
	GlobalSection(SolutionProperties) = preSolution
		HideSolutionNode = FALSE
	EndGlobalSection
	GlobalSection(ExtensibilityGlobals) = postSolution
		SolutionGuid = {33E7517E-7B54-4ED2-942C-F1E8F06E106F}
	EndGlobalSection
EndGlobal
